
Microsoft Visual Studio Solution File, Format Version 12.00
# Visual Studio Version 16
VisualStudioVersion = 16.0.30611.23
MinimumVisualStudioVersion = 10.0.40219.1
Project("{9A19103F-16F7-4668-BE54-9A1E7A4F7556}") = "DataStructures", "DataStructures\DataStructures.csproj", "{57909532-9AA5-49AE-B34F-03B397B8632D}"
EndProject
Project("{9A19103F-16F7-4668-BE54-9A1E7A4F7556}") = "MyDataStructuresTests", "MyDataStructuresTests\MyDataStructuresTests.csproj", "{D86ED700-D242-428E-AF70-F04108617737}"
EndProject
Global
	GlobalSection(SolutionConfigurationPlatforms) = preSolution
		Debug|Any CPU = Debug|Any CPU
		Release|Any CPU = Release|Any CPU
	EndGlobalSection
	GlobalSection(ProjectConfigurationPlatforms) = postSolution
		{57909532-9AA5-49AE-B34F-03B397B8632D}.Debug|Any CPU.ActiveCfg = Debug|Any CPU
		{57909532-9AA5-49AE-B34F-03B397B8632D}.Debug|Any CPU.Build.0 = Debug|Any CPU
		{57909532-9AA5-49AE-B34F-03B397B8632D}.Release|Any CPU.ActiveCfg = Release|Any CPU
		{57909532-9AA5-49AE-B34F-03B397B8632D}.Release|Any CPU.Build.0 = Release|Any CPU
		{D86ED700-D242-428E-AF70-F04108617737}.Debug|Any CPU.ActiveCfg = Debug|Any CPU
		{D86ED700-D242-428E-AF70-F04108617737}.Debug|Any CPU.Build.0 = Debug|Any CPU
		{D86ED700-D242-428E-AF70-F04108617737}.Release|Any CPU.ActiveCfg = Release|Any CPU
		{D86ED700-D242-428E-AF70-F04108617737}.Release|Any CPU.Build.0 = Release|Any CPU
	EndGlobalSection
	GlobalSection(SolutionProperties) = preSolution
		HideSolutionNode = FALSE
	EndGlobalSection
	GlobalSection(ExtensibilityGlobals) = postSolution
		SolutionGuid = {1B2211DB-7BA7-40E2-B23D-D85D117042D3}
	EndGlobalSection
EndGlobal
